
Microsoft Visual Studio Solution File, Format Version 12.00
# Visual Studio 14
VisualStudioVersion = 14.0.25123.0
MinimumVisualStudioVersion = 10.0.40219.1
Project("{FAE04EC0-301F-11D3-BF4B-00C04F79EFBC}") = "Meta.Vlc - .Net 2.0", "Meta.Vlc\Meta.Vlc - .Net 2.0.csproj", "{966C7E4A-C5BE-411C-B822-A17E9FCA0B69}"
EndProject
Project("{FAE04EC0-301F-11D3-BF4B-00C04F79EFBC}") = "Meta.Vlc - .Net 3.0", "Meta.Vlc\Meta.Vlc - .Net 3.0.csproj", "{0B31FAEE-5591-402F-B8EA-3358174BF594}"
EndProject
Project("{FAE04EC0-301F-11D3-BF4B-00C04F79EFBC}") = "Meta.Vlc - .Net 3.5", "Meta.Vlc\Meta.Vlc - .Net 3.5.csproj", "{6F34CA47-D818-42B2-9C41-2FADEB7024CF}"
EndProject
Project("{FAE04EC0-301F-11D3-BF4B-00C04F79EFBC}") = "Meta.Vlc - .Net 4.0", "Meta.Vlc\Meta.Vlc - .Net 4.0.csproj", "{9368132D-33F8-4149-8733-3BF90715F887}"
EndProject
Project("{FAE04EC0-301F-11D3-BF4B-00C04F79EFBC}") = "Meta.Vlc - .Net 4.5", "Meta.Vlc\Meta.Vlc - .Net 4.5.csproj", "{174900EB-956F-4435-87F2-677F014DD5DB}"
EndProject
Project("{2150E333-8FDC-42A3-9474-1A3956D46DE8}") = "Meta.Vlc", "Meta.Vlc", "{C65FB565-E565-4AAB-A1A9-2868B9C650EF}"
EndProject
Project("{FAE04EC0-301F-11D3-BF4B-00C04F79EFBC}") = "Meta.Vlc.Wpf - .Net 3.5", "Meta.Vlc.WPF\Meta.Vlc.Wpf - .Net 3.5.csproj", "{F4026089-4DBE-4C6E-B3FD-9153A5925FEB}"
EndProject
Project("{FAE04EC0-301F-11D3-BF4B-00C04F79EFBC}") = "Meta.Vlc.Wpf - .Net 4.0", "Meta.Vlc.WPF\Meta.Vlc.Wpf - .Net 4.0.csproj", "{ED70AD57-1B05-428A-8A30-2CC533DAF389}"
EndProject
Project("{FAE04EC0-301F-11D3-BF4B-00C04F79EFBC}") = "Meta.Vlc.Wpf - .Net 4.5", "Meta.Vlc.WPF\Meta.Vlc.Wpf - .Net 4.5.csproj", "{C53E6715-C8BF-4BE4-943D-C003F0F01876}"
EndProject
Project("{2150E333-8FDC-42A3-9474-1A3956D46DE8}") = "Meta.Vlc.Wpf", "Meta.Vlc.Wpf", "{4087973B-E53B-4C99-9797-E7B3B2B8FE5E}"
EndProject
Project("{FAE04EC0-301F-11D3-BF4B-00C04F79EFBC}") = "Meta.Vlc.Wpf.Sample - .Net 4.5", "Meta.Vlc.WPF.Sample\Meta.Vlc.Wpf.Sample - .Net 4.5.csproj", "{D4CB3A9B-5257-4011-8B81-CF4FBF1B088D}"
EndProject
Project("{2150E333-8FDC-42A3-9474-1A3956D46DE8}") = "Meta.Vlc.Wpf.Sample", "Meta.Vlc.Wpf.Sample", "{F15C4A88-99E0-4C19-AC4D-AA76602B38C0}"
EndProject
Project("{FAE04EC0-301F-11D3-BF4B-00C04F79EFBC}") = "Meta.Vlc.Wpf.Sample - .Net 3.5", "Meta.Vlc.WPF.Sample\Meta.Vlc.Wpf.Sample - .Net 3.5.csproj", "{9DDC048A-6053-4639-B054-DCCCD14E1EF8}"
EndProject
Project("{FAE04EC0-301F-11D3-BF4B-00C04F79EFBC}") = "Meta.Vlc.Wpf.Sample - .Net 4.0", "Meta.Vlc.WPF.Sample\Meta.Vlc.Wpf.Sample - .Net 4.0.csproj", "{F945C93E-61B8-4144-9C12-D01D7C4E6F8E}"
EndProject
Project("{2150E333-8FDC-42A3-9474-1A3956D46DE8}") = "Diagrams", "Diagrams", "{E9EFA3F7-D91B-4CFC-85F3-AD2297A6F7BA}"
	ProjectSection(SolutionItems) = preProject
		Meta.Vlc\Meta.Vlc.cd = Meta.Vlc\Meta.Vlc.cd
		Meta.Vlc\Interop\Meta.Vlc.Interop.cd = Meta.Vlc\Interop\Meta.Vlc.Interop.cd
		Meta.Vlc.WPF\Meta.Vlc.Wpf.cd = Meta.Vlc.WPF\Meta.Vlc.Wpf.cd
	EndProjectSection
EndProject
Project("{2150E333-8FDC-42A3-9474-1A3956D46DE8}") = "NuGet", "NuGet", "{CD9F68BC-0A2D-4EF3-8642-B584832FEF97}"
	ProjectSection(SolutionItems) = preProject
		NuGet\Meta.Vlc.Lib.nuspec = NuGet\Meta.Vlc.Lib.nuspec
		NuGet\Meta.Vlc.nuspec = NuGet\Meta.Vlc.nuspec
		NuGet\Meta.Vlc.Wpf.nuspec = NuGet\Meta.Vlc.Wpf.nuspec
	EndProjectSection
EndProject
Project("{2150E333-8FDC-42A3-9474-1A3956D46DE8}") = "Solution Items", "Solution Items", "{5F789D71-29F8-43F0-9A0F-598400400332}"
	ProjectSection(SolutionItems) = preProject
		LICENSE = LICENSE
		README.md = README.md
	EndProjectSection
EndProject
Global
	GlobalSection(SolutionConfigurationPlatforms) = preSolution
		Debug|Any CPU = Debug|Any CPU
		Debug|x64 = Debug|x64
		Debug|x86 = Debug|x86
		Release|Any CPU = Release|Any CPU
		Release|x64 = Release|x64
		Release|x86 = Release|x86
	EndGlobalSection
	GlobalSection(ProjectConfigurationPlatforms) = postSolution
		{966C7E4A-C5BE-411C-B822-A17E9FCA0B69}.Debug|Any CPU.ActiveCfg = Debug|Any CPU
		{966C7E4A-C5BE-411C-B822-A17E9FCA0B69}.Debug|Any CPU.Build.0 = Debug|Any CPU
		{966C7E4A-C5BE-411C-B822-A17E9FCA0B69}.Debug|x64.ActiveCfg = Debug|x64
		{966C7E4A-C5BE-411C-B822-A17E9FCA0B69}.Debug|x64.Build.0 = Debug|x64
		{966C7E4A-C5BE-411C-B822-A17E9FCA0B69}.Debug|x86.ActiveCfg = Debug|x86
		{966C7E4A-C5BE-411C-B822-A17E9FCA0B69}.Debug|x86.Build.0 = Debug|x86
		{966C7E4A-C5BE-411C-B822-A17E9FCA0B69}.Release|Any CPU.ActiveCfg = Release|Any CPU
		{966C7E4A-C5BE-411C-B822-A17E9FCA0B69}.Release|Any CPU.Build.0 = Release|Any CPU
		{966C7E4A-C5BE-411C-B822-A17E9FCA0B69}.Release|x64.ActiveCfg = Release|x64
		{966C7E4A-C5BE-411C-B822-A17E9FCA0B69}.Release|x64.Build.0 = Release|x64
		{966C7E4A-C5BE-411C-B822-A17E9FCA0B69}.Release|x86.ActiveCfg = Release|x86
		{966C7E4A-C5BE-411C-B822-A17E9FCA0B69}.Release|x86.Build.0 = Release|x86
		{0B31FAEE-5591-402F-B8EA-3358174BF594}.Debug|Any CPU.ActiveCfg = Debug|Any CPU
		{0B31FAEE-5591-402F-B8EA-3358174BF594}.Debug|Any CPU.Build.0 = Debug|Any CPU
		{0B31FAEE-5591-402F-B8EA-3358174BF594}.Debug|x64.ActiveCfg = Debug|x64
		{0B31FAEE-5591-402F-B8EA-3358174BF594}.Debug|x64.Build.0 = Debug|x64
		{0B31FAEE-5591-402F-B8EA-3358174BF594}.Debug|x86.ActiveCfg = Debug|x86
		{0B31FAEE-5591-402F-B8EA-3358174BF594}.Debug|x86.Build.0 = Debug|x86
		{0B31FAEE-5591-402F-B8EA-3358174BF594}.Release|Any CPU.ActiveCfg = Release|Any CPU
		{0B31FAEE-5591-402F-B8EA-3358174BF594}.Release|Any CPU.Build.0 = Release|Any CPU
		{0B31FAEE-5591-402F-B8EA-3358174BF594}.Release|x64.ActiveCfg = Release|x64
		{0B31FAEE-5591-402F-B8EA-3358174BF594}.Release|x64.Build.0 = Release|x64
		{0B31FAEE-5591-402F-B8EA-3358174BF594}.Release|x86.ActiveCfg = Release|x86
		{0B31FAEE-5591-402F-B8EA-3358174BF594}.Release|x86.Build.0 = Release|x86
		{6F34CA47-D818-42B2-9C41-2FADEB7024CF}.Debug|Any CPU.ActiveCfg = Debug|Any CPU
		{6F34CA47-D818-42B2-9C41-2FADEB7024CF}.Debug|Any CPU.Build.0 = Debug|Any CPU
		{6F34CA47-D818-42B2-9C41-2FADEB7024CF}.Debug|x64.ActiveCfg = Debug|x64
		{6F34CA47-D818-42B2-9C41-2FADEB7024CF}.Debug|x64.Build.0 = Debug|x64
		{6F34CA47-D818-42B2-9C41-2FADEB7024CF}.Debug|x86.ActiveCfg = Debug|x86
		{6F34CA47-D818-42B2-9C41-2FADEB7024CF}.Debug|x86.Build.0 = Debug|x86
		{6F34CA47-D818-42B2-9C41-2FADEB7024CF}.Release|Any CPU.ActiveCfg = Release|Any CPU
		{6F34CA47-D818-42B2-9C41-2FADEB7024CF}.Release|Any CPU.Build.0 = Release|Any CPU
		{6F34CA47-D818-42B2-9C41-2FADEB7024CF}.Release|x64.ActiveCfg = Release|x64
		{6F34CA47-D818-42B2-9C41-2FADEB7024CF}.Release|x64.Build.0 = Release|x64
		{6F34CA47-D818-42B2-9C41-2FADEB7024CF}.Release|x86.ActiveCfg = Release|x86
		{6F34CA47-D818-42B2-9C41-2FADEB7024CF}.Release|x86.Build.0 = Release|x86
		{9368132D-33F8-4149-8733-3BF90715F887}.Debug|Any CPU.ActiveCfg = Debug|Any CPU
		{9368132D-33F8-4149-8733-3BF90715F887}.Debug|Any CPU.Build.0 = Debug|Any CPU
		{9368132D-33F8-4149-8733-3BF90715F887}.Debug|x64.ActiveCfg = Debug|x64
		{9368132D-33F8-4149-8733-3BF90715F887}.Debug|x64.Build.0 = Debug|x64
		{9368132D-33F8-4149-8733-3BF90715F887}.Debug|x86.ActiveCfg = Debug|x86
		{9368132D-33F8-4149-8733-3BF90715F887}.Debug|x86.Build.0 = Debug|x86
		{9368132D-33F8-4149-8733-3BF90715F887}.Release|Any CPU.ActiveCfg = Release|Any CPU
		{9368132D-33F8-4149-8733-3BF90715F887}.Release|Any CPU.Build.0 = Release|Any CPU
		{9368132D-33F8-4149-8733-3BF90715F887}.Release|x64.ActiveCfg = Release|x64
		{9368132D-33F8-4149-8733-3BF90715F887}.Release|x64.Build.0 = Release|x64
		{9368132D-33F8-4149-8733-3BF90715F887}.Release|x86.ActiveCfg = Release|x86
		{9368132D-33F8-4149-8733-3BF90715F887}.Release|x86.Build.0 = Release|x86
		{174900EB-956F-4435-87F2-677F014DD5DB}.Debug|Any CPU.ActiveCfg = Debug|Any CPU
		{174900EB-956F-4435-87F2-677F014DD5DB}.Debug|Any CPU.Build.0 = Debug|Any CPU
		{174900EB-956F-4435-87F2-677F014DD5DB}.Debug|x64.ActiveCfg = Debug|x64
		{174900EB-956F-4435-87F2-677F014DD5DB}.Debug|x64.Build.0 = Debug|x64
		{174900EB-956F-4435-87F2-677F014DD5DB}.Debug|x86.ActiveCfg = Debug|x86
		{174900EB-956F-4435-87F2-677F014DD5DB}.Debug|x86.Build.0 = Debug|x86
		{174900EB-956F-4435-87F2-677F014DD5DB}.Release|Any CPU.ActiveCfg = Release|Any CPU
		{174900EB-956F-4435-87F2-677F014DD5DB}.Release|Any CPU.Build.0 = Release|Any CPU
		{174900EB-956F-4435-87F2-677F014DD5DB}.Release|x64.ActiveCfg = Release|x64
		{174900EB-956F-4435-87F2-677F014DD5DB}.Release|x64.Build.0 = Release|x64
		{174900EB-956F-4435-87F2-677F014DD5DB}.Release|x86.ActiveCfg = Release|x86
		{174900EB-956F-4435-87F2-677F014DD5DB}.Release|x86.Build.0 = Release|x86
		{F4026089-4DBE-4C6E-B3FD-9153A5925FEB}.Debug|Any CPU.ActiveCfg = Debug|Any CPU
		{F4026089-4DBE-4C6E-B3FD-9153A5925FEB}.Debug|Any CPU.Build.0 = Debug|Any CPU
		{F4026089-4DBE-4C6E-B3FD-9153A5925FEB}.Debug|x64.ActiveCfg = Debug|x64
		{F4026089-4DBE-4C6E-B3FD-9153A5925FEB}.Debug|x64.Build.0 = Debug|x64
		{F4026089-4DBE-4C6E-B3FD-9153A5925FEB}.Debug|x86.ActiveCfg = Debug|x86
		{F4026089-4DBE-4C6E-B3FD-9153A5925FEB}.Debug|x86.Build.0 = Debug|x86
		{F4026089-4DBE-4C6E-B3FD-9153A5925FEB}.Release|Any CPU.ActiveCfg = Release|Any CPU
		{F4026089-4DBE-4C6E-B3FD-9153A5925FEB}.Release|Any CPU.Build.0 = Release|Any CPU
		{F4026089-4DBE-4C6E-B3FD-9153A5925FEB}.Release|x64.ActiveCfg = Release|x64
		{F4026089-4DBE-4C6E-B3FD-9153A5925FEB}.Release|x64.Build.0 = Release|x64
		{F4026089-4DBE-4C6E-B3FD-9153A5925FEB}.Release|x86.ActiveCfg = Release|x86
		{F4026089-4DBE-4C6E-B3FD-9153A5925FEB}.Release|x86.Build.0 = Release|x86
		{ED70AD57-1B05-428A-8A30-2CC533DAF389}.Debug|Any CPU.ActiveCfg = Debug|Any CPU
		{ED70AD57-1B05-428A-8A30-2CC533DAF389}.Debug|Any CPU.Build.0 = Debug|Any CPU
		{ED70AD57-1B05-428A-8A30-2CC533DAF389}.Debug|x64.ActiveCfg = Debug|x64
		{ED70AD57-1B05-428A-8A30-2CC533DAF389}.Debug|x64.Build.0 = Debug|x64
		{ED70AD57-1B05-428A-8A30-2CC533DAF389}.Debug|x86.ActiveCfg = Debug|x86
		{ED70AD57-1B05-428A-8A30-2CC533DAF389}.Debug|x86.Build.0 = Debug|x86
		{ED70AD57-1B05-428A-8A30-2CC533DAF389}.Release|Any CPU.ActiveCfg = Release|Any CPU
		{ED70AD57-1B05-428A-8A30-2CC533DAF389}.Release|Any CPU.Build.0 = Release|Any CPU
		{ED70AD57-1B05-428A-8A30-2CC533DAF389}.Release|x64.ActiveCfg = Release|x64
		{ED70AD57-1B05-428A-8A30-2CC533DAF389}.Release|x64.Build.0 = Release|x64
		{ED70AD57-1B05-428A-8A30-2CC533DAF389}.Release|x86.ActiveCfg = Release|x86
		{ED70AD57-1B05-428A-8A30-2CC533DAF389}.Release|x86.Build.0 = Release|x86
		{C53E6715-C8BF-4BE4-943D-C003F0F01876}.Debug|Any CPU.ActiveCfg = Debug|Any CPU
		{C53E6715-C8BF-4BE4-943D-C003F0F01876}.Debug|Any CPU.Build.0 = Debug|Any CPU
		{C53E6715-C8BF-4BE4-943D-C003F0F01876}.Debug|x64.ActiveCfg = Debug|x64
		{C53E6715-C8BF-4BE4-943D-C003F0F01876}.Debug|x64.Build.0 = Debug|x64
		{C53E6715-C8BF-4BE4-943D-C003F0F01876}.Debug|x86.ActiveCfg = Debug|x86
		{C53E6715-C8BF-4BE4-943D-C003F0F01876}.Debug|x86.Build.0 = Debug|x86
		{C53E6715-C8BF-4BE4-943D-C003F0F01876}.Release|Any CPU.ActiveCfg = Release|Any CPU
		{C53E6715-C8BF-4BE4-943D-C003F0F01876}.Release|Any CPU.Build.0 = Release|Any CPU
		{C53E6715-C8BF-4BE4-943D-C003F0F01876}.Release|x64.ActiveCfg = Release|x64
		{C53E6715-C8BF-4BE4-943D-C003F0F01876}.Release|x64.Build.0 = Release|x64
		{C53E6715-C8BF-4BE4-943D-C003F0F01876}.Release|x86.ActiveCfg = Release|x86
		{C53E6715-C8BF-4BE4-943D-C003F0F01876}.Release|x86.Build.0 = Release|x86
		{D4CB3A9B-5257-4011-8B81-CF4FBF1B088D}.Debug|Any CPU.ActiveCfg = Debug|Any CPU
		{D4CB3A9B-5257-4011-8B81-CF4FBF1B088D}.Debug|Any CPU.Build.0 = Debug|Any CPU
		{D4CB3A9B-5257-4011-8B81-CF4FBF1B088D}.Debug|x64.ActiveCfg = Debug|x64
		{D4CB3A9B-5257-4011-8B81-CF4FBF1B088D}.Debug|x64.Build.0 = Debug|x64
		{D4CB3A9B-5257-4011-8B81-CF4FBF1B088D}.Debug|x86.ActiveCfg = Debug|x86
		{D4CB3A9B-5257-4011-8B81-CF4FBF1B088D}.Debug|x86.Build.0 = Debug|x86
		{D4CB3A9B-5257-4011-8B81-CF4FBF1B088D}.Release|Any CPU.ActiveCfg = Release|Any CPU
		{D4CB3A9B-5257-4011-8B81-CF4FBF1B088D}.Release|Any CPU.Build.0 = Release|Any CPU
		{D4CB3A9B-5257-4011-8B81-CF4FBF1B088D}.Release|x64.ActiveCfg = Release|x64
		{D4CB3A9B-5257-4011-8B81-CF4FBF1B088D}.Release|x64.Build.0 = Release|x64
		{D4CB3A9B-5257-4011-8B81-CF4FBF1B088D}.Release|x86.ActiveCfg = Release|x86
		{D4CB3A9B-5257-4011-8B81-CF4FBF1B088D}.Release|x86.Build.0 = Release|x86
		{9DDC048A-6053-4639-B054-DCCCD14E1EF8}.Debug|Any CPU.ActiveCfg = Debug|Any CPU
		{9DDC048A-6053-4639-B054-DCCCD14E1EF8}.Debug|Any CPU.Build.0 = Debug|Any CPU
		{9DDC048A-6053-4639-B054-DCCCD14E1EF8}.Debug|x64.ActiveCfg = Debug|x64
		{9DDC048A-6053-4639-B054-DCCCD14E1EF8}.Debug|x64.Build.0 = Debug|x64
		{9DDC048A-6053-4639-B054-DCCCD14E1EF8}.Debug|x86.ActiveCfg = Debug|x86
		{9DDC048A-6053-4639-B054-DCCCD14E1EF8}.Debug|x86.Build.0 = Debug|x86
		{9DDC048A-6053-4639-B054-DCCCD14E1EF8}.Release|Any CPU.ActiveCfg = Release|Any CPU
		{9DDC048A-6053-4639-B054-DCCCD14E1EF8}.Release|Any CPU.Build.0 = Release|Any CPU
		{9DDC048A-6053-4639-B054-DCCCD14E1EF8}.Release|x64.ActiveCfg = Release|x64
		{9DDC048A-6053-4639-B054-DCCCD14E1EF8}.Release|x64.Build.0 = Release|x64
		{9DDC048A-6053-4639-B054-DCCCD14E1EF8}.Release|x86.ActiveCfg = Release|x86
		{9DDC048A-6053-4639-B054-DCCCD14E1EF8}.Release|x86.Build.0 = Release|x86
		{F945C93E-61B8-4144-9C12-D01D7C4E6F8E}.Debug|Any CPU.ActiveCfg = Debug|Any CPU
		{F945C93E-61B8-4144-9C12-D01D7C4E6F8E}.Debug|Any CPU.Build.0 = Debug|Any CPU
		{F945C93E-61B8-4144-9C12-D01D7C4E6F8E}.Debug|x64.ActiveCfg = Debug|x64
		{F945C93E-61B8-4144-9C12-D01D7C4E6F8E}.Debug|x64.Build.0 = Debug|x64
		{F945C93E-61B8-4144-9C12-D01D7C4E6F8E}.Debug|x86.ActiveCfg = Debug|x86
		{F945C93E-61B8-4144-9C12-D01D7C4E6F8E}.Debug|x86.Build.0 = Debug|x86
		{F945C93E-61B8-4144-9C12-D01D7C4E6F8E}.Release|Any CPU.ActiveCfg = Release|Any CPU
		{F945C93E-61B8-4144-9C12-D01D7C4E6F8E}.Release|Any CPU.Build.0 = Release|Any CPU
		{F945C93E-61B8-4144-9C12-D01D7C4E6F8E}.Release|x64.ActiveCfg = Release|x64
		{F945C93E-61B8-4144-9C12-D01D7C4E6F8E}.Release|x64.Build.0 = Release|x64
		{F945C93E-61B8-4144-9C12-D01D7C4E6F8E}.Release|x86.ActiveCfg = Release|x86
		{F945C93E-61B8-4144-9C12-D01D7C4E6F8E}.Release|x86.Build.0 = Release|x86
	EndGlobalSection
	GlobalSection(SolutionProperties) = preSolution
		HideSolutionNode = FALSE
	EndGlobalSection
	GlobalSection(NestedProjects) = preSolution
		{966C7E4A-C5BE-411C-B822-A17E9FCA0B69} = {C65FB565-E565-4AAB-A1A9-2868B9C650EF}
		{0B31FAEE-5591-402F-B8EA-3358174BF594} = {C65FB565-E565-4AAB-A1A9-2868B9C650EF}
		{6F34CA47-D818-42B2-9C41-2FADEB7024CF} = {C65FB565-E565-4AAB-A1A9-2868B9C650EF}
		{9368132D-33F8-4149-8733-3BF90715F887} = {C65FB565-E565-4AAB-A1A9-2868B9C650EF}
		{174900EB-956F-4435-87F2-677F014DD5DB} = {C65FB565-E565-4AAB-A1A9-2868B9C650EF}
		{F4026089-4DBE-4C6E-B3FD-9153A5925FEB} = {4087973B-E53B-4C99-9797-E7B3B2B8FE5E}
		{ED70AD57-1B05-428A-8A30-2CC533DAF389} = {4087973B-E53B-4C99-9797-E7B3B2B8FE5E}
		{C53E6715-C8BF-4BE4-943D-C003F0F01876} = {4087973B-E53B-4C99-9797-E7B3B2B8FE5E}
		{D4CB3A9B-5257-4011-8B81-CF4FBF1B088D} = {F15C4A88-99E0-4C19-AC4D-AA76602B38C0}
		{9DDC048A-6053-4639-B054-DCCCD14E1EF8} = {F15C4A88-99E0-4C19-AC4D-AA76602B38C0}
		{F945C93E-61B8-4144-9C12-D01D7C4E6F8E} = {F15C4A88-99E0-4C19-AC4D-AA76602B38C0}
	EndGlobalSection
EndGlobal
